dependencies:
- name: langfuse
  repository: https://langfuse.github.io/langfuse-k8s
  version: 1.5.4
- name: qdrant
  repository: https://qdrant.github.io/qdrant-helm
  version: 1.15.5
- name: minio
  repository: https://charts.bitnami.com/bitnami
  version: 15.0.7
- name: keydb
  repository: https://enapter.github.io/charts/
  version: 0.48.0
- name: ollama
  repository: https://otwld.github.io/ollama-helm/
  version: 1.30.0
- name: keycloak
  repository: https://charts.bitnami.com/bitnami
  version: 24.6.4
digest: sha256:77f2fa556ee3326e99c5aa37ae26b3543e5a7455505ed2420e1f16cbf4486ab7
generated: "2025-10-25T12:50:07.293971931+02:00"
