dependencies:
- name: qdrant
  repository: https://qdrant.github.io/qdrant-helm
  version: 1.15.5
- name: mlflow
  repository: https://community-charts.github.io/helm-charts
  version: 1.8.0
- name: postgresql
  repository: https://charts.bitnami.com/bitnami
  version: 15.5.34
- name: minio
  repository: https://charts.bitnami.com/bitnami
  version: 15.0.7
- name: keydb
  repository: https://enapter.github.io/charts/
  version: 0.48.0
- name: ollama
  repository: https://otwld.github.io/ollama-helm/
  version: 1.30.0
digest: sha256:c8cf6575b18a64c9b177175c2cc1da9b79187cfeff5d083951bb8ca7d7703338
generated: "2025-11-20T22:12:06.967761775+01:00"
